// !$*UTF8*$!
{
	archiveVersion = 1;
	classes = {
	};
	objectVersion = 56;
	objects = {

/* Begin PBXBuildFile section */
		9AFCF6322CB00286009241A8 /* Pods_ios_sdk_integration.framework in Frameworks */ = {isa = PBXBuildFile; fileRef = 25A45C5BD9D2F580F3712F4C /* Pods_ios_sdk_integration.framework */; };
		9AFCF6332CB00286009241A8 /* Pods_ios_sdk_integration.framework in Embed Frameworks */ = {isa = PBXBuildFile; fileRef = 25A45C5BD9D2F580F3712F4C /* Pods_ios_sdk_integration.framework */; settings = {ATTRIBUTES = (RemoveHeadersOnCopy, ); }; };
		FA2719102CAFC5E30068189D /* AppDelegate.swift in Sources */ = {isa = PBXBuildFile; fileRef = FA27190F2CAFC5E30068189D /* AppDelegate.swift */; };
		FA2719122CAFC5E30068189D /* SceneDelegate.swift in Sources */ = {isa = PBXBuildFile; fileRef = FA2719112CAFC5E30068189D /* SceneDelegate.swift */; };
		FA2719142CAFC5E30068189D /* ViewController.swift in Sources */ = {isa = PBXBuildFile; fileRef = FA2719132CAFC5E30068189D /* ViewController.swift */; };
		FA2719172CAFC5E30068189D /* Base in Resources */ = {isa = PBXBuildFile; fileRef = FA2719162CAFC5E30068189D /* Base */; };
		FA2719192CAFC5E60068189D /* Assets.xcassets in Resources */ = {isa = PBXBuildFile; fileRef = FA2719182CAFC5E60068189D /* Assets.xcassets */; };
		FA27191C2CAFC5E60068189D /* Base in Resources */ = {isa = PBXBuildFile; fileRef = FA27191B2CAFC5E60068189D /* Base */; };
/* End PBXBuildFile section */

/* Begin PBXCopyFilesBuildPhase section */
		9AFCF6342CB00286009241A8 /* Embed Frameworks */ = {
			isa = PBXCopyFilesBuildPhase;
			buildActionMask = 2147483647;
			dstPath = "";
			dstSubfolderSpec = 10;
			files = (
				9AFCF6332CB00286009241A8 /* Pods_ios_sdk_integration.framework in Embed Frameworks */,
			);
			name = "Embed Frameworks";
			runOnlyForDeploymentPostprocessing = 0;
		};
/* End PBXCopyFilesBuildPhase section */

/* Begin PBXFileReference section */
		25A45C5BD9D2F580F3712F4C /* Pods_ios_sdk_integration.framework */ = {isa = PBXFileReference; explicitFileType = wrapper.framework; includeInIndex = 0; path = Pods_ios_sdk_integration.framework; sourceTree = BUILT_PRODUCTS_DIR; };
		3177A75AB7044C82F90BF42A /* Pods-ios-sdk-integration.release.xcconfig */ = {isa = PBXFileReference; includeInIndex = 1; lastKnownFileType = text.xcconfig; name = "Pods-ios-sdk-integration.release.xcconfig"; path = "Target Support Files/Pods-ios-sdk-integration/Pods-ios-sdk-integration.release.xcconfig"; sourceTree = "<group>"; };
		435FE9FB0608BCD215F38D3A /* Pods-ios-sdk-integration.debug.xcconfig */ = {isa = PBXFileReference; includeInIndex = 1; lastKnownFileType = text.xcconfig; name = "Pods-ios-sdk-integration.debug.xcconfig"; path = "Target Support Files/Pods-ios-sdk-integration/Pods-ios-sdk-integration.debug.xcconfig"; sourceTree = "<group>"; };
		FA27190C2CAFC5E30068189D /* ios-sdk-integration.app */ = {isa = PBXFileReference; explicitFileType = wrapper.application; includeInIndex = 0; path = "ios-sdk-integration.app"; sourceTree = BUILT_PRODUCTS_DIR; };
		FA27190F2CAFC5E30068189D /* AppDelegate.swift */ = {isa = PBXFileReference; lastKnownFileType = sourcecode.swift; path = AppDelegate.swift; sourceTree = "<group>"; };
		FA2719112CAFC5E30068189D /* SceneDelegate.swift */ = {isa = PBXFileReference; lastKnownFileType = sourcecode.swift; path = SceneDelegate.swift; sourceTree = "<group>"; };
		FA2719132CAFC5E30068189D /* ViewController.swift */ = {isa = PBXFileReference; lastKnownFileType = sourcecode.swift; path = ViewController.swift; sourceTree = "<group>"; };
		FA2719162CAFC5E30068189D /* Base */ = {isa = PBXFileReference; lastKnownFileType = file.storyboard; name = Base; path = Base.lproj/Main.storyboard; sourceTree = "<group>"; };
		FA2719182CAFC5E60068189D /* Assets.xcassets */ = {isa = PBXFileReference; lastKnownFileType = folder.assetcatalog; path = Assets.xcassets; sourceTree = "<group>"; };
		FA27191B2CAFC5E60068189D /* Base */ = {isa = PBXFileReference; lastKnownFileType = file.storyboard; name = Base; path = Base.lproj/LaunchScreen.storyboard; sourceTree = "<group>"; };
		FA27191D2CAFC5E60068189D /* Info.plist */ = {isa = PBXFileReference; lastKnownFileType = text.plist.xml; path = Info.plist; sourceTree = "<group>"; };
/* End PBXFileReference section */

/* Begin PBXFrameworksBuildPhase section */
		FA2719092CAFC5E30068189D /* Frameworks */ = {
			isa = PBXFrameworksBuildPhase;
			buildActionMask = 2147483647;
			files = (
				9AFCF6322CB00286009241A8 /* Pods_ios_sdk_integration.framework in Frameworks */,
			);
			runOnlyForDeploymentPostprocessing = 0;
		};
/* End PBXFrameworksBuildPhase section */

/* Begin PBXGroup section */
		30589D88EFD349FEB9D594B2 /* Frameworks */ = {
			isa = PBXGroup;
			children = (
				25A45C5BD9D2F580F3712F4C /* Pods_ios_sdk_integration.framework */,
			);
			name = Frameworks;
			sourceTree = "<group>";
		};
		AA3CD72D939B70D9F0767CAE /* Pods */ = {
			isa = PBXGroup;
			children = (
				435FE9FB0608BCD215F38D3A /* Pods-ios-sdk-integration.debug.xcconfig */,
				3177A75AB7044C82F90BF42A /* Pods-ios-sdk-integration.release.xcconfig */,
			);
			path = Pods;
			sourceTree = "<group>";
		};
		FA2719032CAFC5E30068189D = {
			isa = PBXGroup;
			children = (
				FA27190E2CAFC5E30068189D /* ios-sdk-integration */,
				FA27190D2CAFC5E30068189D /* Products */,
				AA3CD72D939B70D9F0767CAE /* Pods */,
				30589D88EFD349FEB9D594B2 /* Frameworks */,
			);
			sourceTree = "<group>";
		};
		FA27190D2CAFC5E30068189D /* Products */ = {
			isa = PBXGroup;
			children = (
				FA27190C2CAFC5E30068189D /* ios-sdk-integration.app */,
			);
			name = Products;
			sourceTree = "<group>";
		};
		FA27190E2CAFC5E30068189D /* ios-sdk-integration */ = {
			isa = PBXGroup;
			children = (
				FA27190F2CAFC5E30068189D /* AppDelegate.swift */,
				FA2719112CAFC5E30068189D /* SceneDelegate.swift */,
				FA2719132CAFC5E30068189D /* ViewController.swift */,
				FA2719152CAFC5E30068189D /* Main.storyboard */,
				FA2719182CAFC5E60068189D /* Assets.xcassets */,
				FA27191A2CAFC5E60068189D /* LaunchScreen.storyboard */,
				FA27191D2CAFC5E60068189D /* Info.plist */,
			);
			path = "ios-sdk-integration";
			sourceTree = "<group>";
		};
/* End PBXGroup section */

/* Begin PBXNativeTarget section */
		FA27190B2CAFC5E30068189D /* ios-sdk-integration */ = {
			isa = PBXNativeTarget;
			buildConfigurationList = FA2719202CAFC5E60068189D /* Build configuration list for PBXNativeTarget "ios-sdk-integration" */;
			buildPhases = (
				1BD2022C316CDD9D60447BFD /* [CP] Check Pods Manifest.lock */,
				DBEEBCBFEDE0AEA88AC29867 /* [CP-User] Run Flutter Build native_module Script */,
				FA2719082CAFC5E30068189D /* Sources */,
				FA2719092CAFC5E30068189D /* Frameworks */,
				FA27190A2CAFC5E30068189D /* Resources */,
				E88DC587C4945365C422C718 /* [CP-User] Embed Flutter Build native_module Script */,
				9AFCF6342CB00286009241A8 /* Embed Frameworks */,
			);
			buildRules = (
			);
			dependencies = (
			);
			name = "ios-sdk-integration";
			productName = "ios-sdk-integration";
			productReference = FA27190C2CAFC5E30068189D /* ios-sdk-integration.app */;
			productType = "com.apple.product-type.application";
		};
/* End PBXNativeTarget section */

/* Begin PBXProject section */
		FA2719042CAFC5E30068189D /* Project object */ = {
			isa = PBXProject;
			attributes = {
				BuildIndependentTargetsInParallel = 1;
				LastSwiftUpdateCheck = 1540;
				LastUpgradeCheck = 1540;
				TargetAttributes = {
					FA27190B2CAFC5E30068189D = {
						CreatedOnToolsVersion = 15.4;
					};
				};
			};
			buildConfigurationList = FA2719072CAFC5E30068189D /* Build configuration list for PBXProject "ios-sdk-integration" */;
			compatibilityVersion = "Xcode 14.0";
			developmentRegion = en;
			hasScannedForEncodings = 0;
			knownRegions = (
				en,
				Base,
			);
			mainGroup = FA2719032CAFC5E30068189D;
			productRefGroup = FA27190D2CAFC5E30068189D /* Products */;
			projectDirPath = "";
			projectRoot = "";
			targets = (
				FA27190B2CAFC5E30068189D /* ios-sdk-integration */,
			);
		};
/* End PBXProject section */

/* Begin PBXResourcesBuildPhase section */
		FA27190A2CAFC5E30068189D /* Resources */ = {
			isa = PBXResourcesBuildPhase;
			buildActionMask = 2147483647;
			files = (
				FA2719192CAFC5E60068189D /* Assets.xcassets in Resources */,
				FA27191C2CAFC5E60068189D /* Base in Resources */,
				FA2719172CAFC5E30068189D /* Base in Resources */,
			);
			runOnlyForDeploymentPostprocessing = 0;
		};
/* End PBXResourcesBuildPhase section */

/* Begin PBXShellScriptBuildPhase section */
		1BD2022C316CDD9D60447BFD /* [CP] Check Pods Manifest.lock */ = {
			isa = PBXShellScriptBuildPhase;
			buildActionMask = 2147483647;
			files = (
			);
			inputFileListPaths = (
			);
			inputPaths = (
				"${PODS_PODFILE_DIR_PATH}/Podfile.lock",
				"${PODS_ROOT}/Manifest.lock",
			);
			name = "[CP] Check Pods Manifest.lock";
			outputFileListPaths = (
			);
			outputPaths = (
				"$(DERIVED_FILE_DIR)/Pods-ios-sdk-integration-checkManifestLockResult.txt",
			);
			runOnlyForDeploymentPostprocessing = 0;
			shellPath = /bin/sh;
			shellScript = "diff \"${PODS_PODFILE_DIR_PATH}/Podfile.lock\" \"${PODS_ROOT}/Manifest.lock\" > /dev/null\nif [ $? != 0 ] ; then\n    # print error to STDERR\n    echo \"error: The sandbox is not in sync with the Podfile.lock. Run 'pod install' or update your CocoaPods installation.\" >&2\n    exit 1\nfi\n# This output is used by Xcode 'outputs' to avoid re-running this script phase.\necho \"SUCCESS\" > \"${SCRIPT_OUTPUT_FILE_0}\"\n";
			showEnvVarsInLog = 0;
		};
		DBEEBCBFEDE0AEA88AC29867 /* [CP-User] Run Flutter Build native_module Script */ = {
			isa = PBXShellScriptBuildPhase;
			buildActionMask = 2147483647;
			files = (
			);
			name = "[CP-User] Run Flutter Build native_module Script";
			runOnlyForDeploymentPostprocessing = 0;
			shellPath = /bin/sh;
			shellScript = "set -e\nset -u\nsource \"${SRCROOT}/../native_module/.ios/Flutter/flutter_export_environment.sh\"\nexport VERBOSE_SCRIPT_LOGGING=1 && \"$FLUTTER_ROOT\"/packages/flutter_tools/bin/xcode_backend.sh build";
		};
		E88DC587C4945365C422C718 /* [CP-User] Embed Flutter Build native_module Script */ = {
			isa = PBXShellScriptBuildPhase;
			buildActionMask = 2147483647;
			files = (
			);
			name = "[CP-User] Embed Flutter Build native_module Script";
			runOnlyForDeploymentPostprocessing = 0;
			shellPath = /bin/sh;
			shellScript = "set -e\nset -u\nsource \"${SRCROOT}/../native_module/.ios/Flutter/flutter_export_environment.sh\"\nexport VERBOSE_SCRIPT_LOGGING=1 && \"$FLUTTER_ROOT\"/packages/flutter_tools/bin/xcode_backend.sh embed_and_thin";
		};
/* End PBXShellScriptBuildPhase section */

/* Begin PBXSourcesBuildPhase section */
		FA2719082CAFC5E30068189D /* Sources */ = {
			isa = PBXSourcesBuildPhase;
			buildActionMask = 2147483647;
			files = (
				FA2719142CAFC5E30068189D /* ViewController.swift in Sources */,
				FA2719102CAFC5E30068189D /* AppDelegate.swift in Sources */,
				FA2719122CAFC5E30068189D /* SceneDelegate.swift in Sources */,
			);
			runOnlyForDeploymentPostprocessing = 0;
		};
/* End PBXSourcesBuildPhase section */

/* Begin PBXVariantGroup section */
		FA2719152CAFC5E30068189D /* Main.storyboard */ = {
			isa = PBXVariantGroup;
			children = (
				FA2719162CAFC5E30068189D /* Base */,
			);
			name = Main.storyboard;
			sourceTree = "<group>";
		};
		FA27191A2CAFC5E60068189D /* LaunchScreen.storyboard */ = {
			isa = PBXVariantGroup;
			children = (
				FA27191B2CAFC5E60068189D /* Base */,
			);
			name = LaunchScreen.storyboard;
			sourceTree = "<group>";
		};
/* End PBXVariantGroup section */

/* Begin XCBuildConfiguration section */
		FA27191E2CAFC5E60068189D /* Debug */ = {
			isa = XCBuildConfiguration;
			buildSettings = {
				ALWAYS_SEARCH_USER_PATHS = NO;
				ASSETCATALOG_COMPILER_GENERATE_SWIFT_ASSET_SYMBOL_EXTENSIONS = YES;
				CLANG_ANALYZER_NONNULL = YES;
				CLANG_ANALYZER_NUMBER_OBJECT_CONVERSION = YES_AGGRESSIVE;
				CLANG_CXX_LANGUAGE_STANDARD = "gnu++20";
				CLANG_ENABLE_MODULES = YES;
				CLANG_ENABLE_OBJC_ARC = YES;
				CLANG_ENABLE_OBJC_WEAK = YES;
				CLANG_WARN_BLOCK_CAPTURE_AUTORELEASING = YES;
				CLANG_WARN_BOOL_CONVERSION = YES;
				CLANG_WARN_COMMA = YES;
				CLANG_WARN_CONSTANT_CONVERSION = YES;
				CLANG_WARN_DEPRECATED_OBJC_IMPLEMENTATIONS = YES;
				CLANG_WARN_DIRECT_OBJC_ISA_USAGE = YES_ERROR;
				CLANG_WARN_DOCUMENTATION_COMMENTS = YES;
				CLANG_WARN_EMPTY_BODY = YES;
				CLANG_WARN_ENUM_CONVERSION = YES;
				CLANG_WARN_INFINITE_RECURSION = YES;
				CLANG_WARN_INT_CONVERSION = YES;
				CLANG_WARN_NON_LITERAL_NULL_CONVERSION = YES;
				CLANG_WARN_OBJC_IMPLICIT_RETAIN_SELF = YES;
				CLANG_WARN_OBJC_LITERAL_CONVERSION = YES;
				CLANG_WARN_OBJC_ROOT_CLASS = YES_ERROR;
				CLANG_WARN_QUOTED_INCLUDE_IN_FRAMEWORK_HEADER = YES;
				CLANG_WARN_RANGE_LOOP_ANALYSIS = YES;
				CLANG_WARN_STRICT_PROTOTYPES = YES;
				CLANG_WARN_SUSPICIOUS_MOVE = YES;
				CLANG_WARN_UNGUARDED_AVAILABILITY = YES_AGGRESSIVE;
				CLANG_WARN_UNREACHABLE_CODE = YES;
				CLANG_WARN__DUPLICATE_METHOD_MATCH = YES;
				COPY_PHASE_STRIP = NO;
				DEBUG_INFORMATION_FORMAT = dwarf;
				ENABLE_STRICT_OBJC_MSGSEND = YES;
				ENABLE_TESTABILITY = YES;
				ENABLE_USER_SCRIPT_SANDBOXING = NO;
				GCC_C_LANGUAGE_STANDARD = gnu17;
				GCC_DYNAMIC_NO_PIC = NO;
				GCC_NO_COMMON_BLOCKS = YES;
				GCC_OPTIMIZATION_LEVEL = 0;
				GCC_PREPROCESSOR_DEFINITIONS = (
					"DEBUG=1",
					"$(inherited)",
				);
				GCC_WARN_64_TO_32_BIT_CONVERSION = YES;
				GCC_WARN_ABOUT_RETURN_TYPE = YES_ERROR;
				GCC_WARN_UNDECLARED_SELECTOR = YES;
				GCC_WARN_UNINITIALIZED_AUTOS = YES_AGGRESSIVE;
				GCC_WARN_UNUSED_FUNCTION = YES;
				GCC_WARN_UNUSED_VARIABLE = YES;
				IPHONEOS_DEPLOYMENT_TARGET = 17.5;
				LOCALIZATION_PREFERS_STRING_CATALOGS = YES;
				MTL_ENABLE_DEBUG_INFO = INCLUDE_SOURCE;
				MTL_FAST_MATH = YES;
				ONLY_ACTIVE_ARCH = YES;
				SDKROOT = iphoneos;
				SWIFT_ACTIVE_COMPILATION_CONDITIONS = "DEBUG $(inherited)";
				SWIFT_OPTIMIZATION_LEVEL = "-Onone";
			};
			name = Debug;
		};
		FA27191F2CAFC5E60068189D /* Release */ = {
			isa = XCBuildConfiguration;
			buildSettings = {
				ALWAYS_SEARCH_USER_PATHS = NO;
				ASSETCATALOG_COMPILER_GENERATE_SWIFT_ASSET_SYMBOL_EXTENSIONS = YES;
				CLANG_ANALYZER_NONNULL = YES;
				CLANG_ANALYZER_NUMBER_OBJECT_CONVERSION = YES_AGGRESSIVE;
				CLANG_CXX_LANGUAGE_STANDARD = "gnu++20";
				CLANG_ENABLE_MODULES = YES;
				CLANG_ENABLE_OBJC_ARC = YES;
				CLANG_ENABLE_OBJC_WEAK = YES;
				CLANG_WARN_BLOCK_CAPTURE_AUTORELEASING = YES;
				CLANG_WARN_BOOL_CONVERSION = YES;
				CLANG_WARN_COMMA = YES;
				CLANG_WARN_CONSTANT_CONVERSION = YES;
				CLANG_WARN_DEPRECATED_OBJC_IMPLEMENTATIONS = YES;
				CLANG_WARN_DIRECT_OBJC_ISA_USAGE = YES_ERROR;
				CLANG_WARN_DOCUMENTATION_COMMENTS = YES;
				CLANG_WARN_EMPTY_BODY = YES;
				CLANG_WARN_ENUM_CONVERSION = YES;
				CLANG_WARN_INFINITE_RECURSION = YES;
				CLANG_WARN_INT_CONVERSION = YES;
				CLANG_WARN_NON_LITERAL_NULL_CONVERSION = YES;
				CLANG_WARN_OBJC_IMPLICIT_RETAIN_SELF = YES;
				CLANG_WARN_OBJC_LITERAL_CONVERSION = YES;
				CLANG_WARN_OBJC_ROOT_CLASS = YES_ERROR;
				CLANG_WARN_QUOTED_INCLUDE_IN_FRAMEWORK_HEADER = YES;
				CLANG_WARN_RANGE_LOOP_ANALYSIS = YES;
				CLANG_WARN_STRICT_PROTOTYPES = YES;
				CLANG_WARN_SUSPICIOUS_MOVE = YES;
				CLANG_WARN_UNGUARDED_AVAILABILITY = YES_AGGRESSIVE;
				CLANG_WARN_UNREACHABLE_CODE = YES;
				CLANG_WARN__DUPLICATE_METHOD_MATCH = YES;
				COPY_PHASE_STRIP = NO;
				DEBUG_INFORMATION_FORMAT = "dwarf-with-dsym";
				ENABLE_NS_ASSERTIONS = NO;
				ENABLE_STRICT_OBJC_MSGSEND = YES;
				ENABLE_USER_SCRIPT_SANDBOXING = NO;
				GCC_C_LANGUAGE_STANDARD = gnu17;
				GCC_NO_COMMON_BLOCKS = YES;
				GCC_WARN_64_TO_32_BIT_CONVERSION = YES;
				GCC_WARN_ABOUT_RETURN_TYPE = YES_ERROR;
				GCC_WARN_UNDECLARED_SELECTOR = YES;
				GCC_WARN_UNINITIALIZED_AUTOS = YES_AGGRESSIVE;
				GCC_WARN_UNUSED_FUNCTION = YES;
				GCC_WARN_UNUSED_VARIABLE = YES;
				IPHONEOS_DEPLOYMENT_TARGET = 17.5;
				LOCALIZATION_PREFERS_STRING_CATALOGS = YES;
				MTL_ENABLE_DEBUG_INFO = NO;
				MTL_FAST_MATH = YES;
				SDKROOT = iphoneos;
				SWIFT_COMPILATION_MODE = wholemodule;
				VALIDATE_PRODUCT = YES;
			};
			name = Release;
		};
		FA2719212CAFC5E60068189D /* Debug */ = {
			isa = XCBuildConfiguration;
			baseConfigurationReference = 435FE9FB0608BCD215F38D3A /* Pods-ios-sdk-integration.debug.xcconfig */;
			buildSettings = {
				ASSETCATALOG_COMPILER_APPICON_NAME = AppIcon;
				ASSETCATALOG_COMPILER_GLOBAL_ACCENT_COLOR_NAME = AccentColor;
				CODE_SIGN_STYLE = Automatic;
				CURRENT_PROJECT_VERSION = 1;
				"FRAMEWORK_SEARCH_PATHS[arch=*]" = "$(PROJECT_DIR)/../native_module/.ios/Flutter/**";
				GENERATE_INFOPLIST_FILE = YES;
				INFOPLIST_FILE = "ios-sdk-integration/Info.plist";
				INFOPLIST_KEY_UIApplicationSupportsIndirectInputEvents = YES;
				INFOPLIST_KEY_UILaunchStoryboardName = LaunchScreen;
				INFOPLIST_KEY_UIMainStoryboardFile = Main;
				INFOPLIST_KEY_UISupportedInterfaceOrientations_iPad = "UIInterfaceOrientationPortrait UIInterfaceOrientationPortraitUpsideDown UIInterfaceOrientationLandscapeLeft UIInterfaceOrientationLandscapeRight";
				INFOPLIST_KEY_UISupportedInterfaceOrientations_iPhone = "UIInterfaceOrientationPortrait UIInterfaceOrientationLandscapeLeft UIInterfaceOrientationLandscapeRight";
				LD_RUNPATH_SEARCH_PATHS = (
					"$(inherited)",
					"@executable_path/Frameworks",
				);
				MARKETING_VERSION = 1.0;
				PRODUCT_BUNDLE_IDENTIFIER = "com.ranadheer.ios-sdk-integration";
				PRODUCT_NAME = "$(TARGET_NAME)";
				SWIFT_EMIT_LOC_STRINGS = YES;
				SWIFT_VERSION = 5.0;
				TARGETED_DEVICE_FAMILY = "1,2";
			};
			name = Debug;
		};
		FA2719222CAFC5E60068189D /* Release */ = {
			isa = XCBuildConfiguration;
			baseConfigurationReference = 3177A75AB7044C82F90BF42A /* Pods-ios-sdk-integration.release.xcconfig */;
			buildSettings = {
				ASSETCATALOG_COMPILER_APPICON_NAME = AppIcon;
				ASSETCATALOG_COMPILER_GLOBAL_ACCENT_COLOR_NAME = AccentColor;
				CODE_SIGN_STYLE = Automatic;
				CURRENT_PROJECT_VERSION = 1;
				GENERATE_INFOPLIST_FILE = YES;
				INFOPLIST_FILE = "ios-sdk-integration/Info.plist";
				INFOPLIST_KEY_UIApplicationSupportsIndirectInputEvents = YES;
				INFOPLIST_KEY_UILaunchStoryboardName = LaunchScreen;
				INFOPLIST_KEY_UIMainStoryboardFile = Main;
				INFOPLIST_KEY_UISupportedInterfaceOrientations_iPad = "UIInterfaceOrientationPortrait UIInterfaceOrientationPortraitUpsideDown UIInterfaceOrientationLandscapeLeft UIInterfaceOrientationLandscapeRight";
				INFOPLIST_KEY_UISupportedInterfaceOrientations_iPhone = "UIInterfaceOrientationPortrait UIInterfaceOrientationLandscapeLeft UIInterfaceOrientationLandscapeRight";
				LD_RUNPATH_SEARCH_PATHS = (
					"$(inherited)",
					"@executable_path/Frameworks",
				);
				MARKETING_VERSION = 1.0;
				PRODUCT_BUNDLE_IDENTIFIER = "com.ranadheer.ios-sdk-integration";
				PRODUCT_NAME = "$(TARGET_NAME)";
				SWIFT_EMIT_LOC_STRINGS = YES;
				SWIFT_VERSION = 5.0;
				TARGETED_DEVICE_FAMILY = "1,2";
			};
			name = Release;
		};
/* End XCBuildConfiguration section */

/* Begin XCConfigurationList section */
		FA2719072CAFC5E30068189D /* Build configuration list for PBXProject "ios-sdk-integration" */ = {
			isa = XCConfigurationList;
			buildConfigurations = (
				FA27191E2CAFC5E60068189D /* Debug */,
				FA27191F2CAFC5E60068189D /* Release */,
			);
			defaultConfigurationIsVisible = 0;
			defaultConfigurationName = Release;
		};
		FA2719202CAFC5E60068189D /* Build configuration list for PBXNativeTarget "ios-sdk-integration" */ = {
			isa = XCConfigurationList;
			buildConfigurations = (
				FA2719212CAFC5E60068189D /* Debug */,
				FA2719222CAFC5E60068189D /* Release */,
			);
			defaultConfigurationIsVisible = 0;
			defaultConfigurationName = Release;
		};
/* End XCConfigurationList section */
	};
	rootObject = FA2719042CAFC5E30068189D /* Project object */;
}
